
Microsoft Visual Studio Solution File, Format Version 12.00
# Visual Studio Version 17
VisualStudioVersion = 17.14.36414.22
MinimumVisualStudioVersion = 10.0.40219.1
Project("{FAE04EC0-301F-11D3-BF4B-00C04F79EFBC}") = "CSLibrary2024-NETStandard", "Library\CSLibrary\CSLibrary2024-NETStandard.csproj", "{37821040-260A-C116-1C05-A4BAAB5AB070}"
EndProject
Project("{FAE04EC0-301F-11D3-BF4B-00C04F79EFBC}") = "BLE.Client.Droid", "MobileMvxApp\BLE.Client.Droid\BLE.Client.Droid.csproj", "{7B0E4EFD-EEB8-4CE9-9C8D-7A4BF734E9A7}"
EndProject
Project("{FAE04EC0-301F-11D3-BF4B-00C04F79EFBC}") = "BLE.Client", "MobileMvxApp\BLE.Client\BLE.Client.csproj", "{B896F061-18D5-53A0-7545-BBF57B0953F7}"
EndProject
Global
	GlobalSection(SolutionConfigurationPlatforms) = preSolution
		Debug|Any CPU = Debug|Any CPU
		Release|Any CPU = Release|Any CPU
	EndGlobalSection
	GlobalSection(ProjectConfigurationPlatforms) = postSolution
		{37821040-260A-C116-1C05-A4BAAB5AB070}.Debug|Any CPU.ActiveCfg = Debug|Any CPU
		{37821040-260A-C116-1C05-A4BAAB5AB070}.Debug|Any CPU.Build.0 = Debug|Any CPU
		{37821040-260A-C116-1C05-A4BAAB5AB070}.Release|Any CPU.ActiveCfg = Release|Any CPU
		{37821040-260A-C116-1C05-A4BAAB5AB070}.Release|Any CPU.Build.0 = Release|Any CPU
		{7B0E4EFD-EEB8-4CE9-9C8D-7A4BF734E9A7}.Debug|Any CPU.ActiveCfg = Debug|Any CPU
		{7B0E4EFD-EEB8-4CE9-9C8D-7A4BF734E9A7}.Debug|Any CPU.Build.0 = Debug|Any CPU
		{7B0E4EFD-EEB8-4CE9-9C8D-7A4BF734E9A7}.Debug|Any CPU.Deploy.0 = Debug|Any CPU
		{7B0E4EFD-EEB8-4CE9-9C8D-7A4BF734E9A7}.Release|Any CPU.ActiveCfg = Release|Any CPU
		{7B0E4EFD-EEB8-4CE9-9C8D-7A4BF734E9A7}.Release|Any CPU.Build.0 = Release|Any CPU
		{7B0E4EFD-EEB8-4CE9-9C8D-7A4BF734E9A7}.Release|Any CPU.Deploy.0 = Release|Any CPU
		{B896F061-18D5-53A0-7545-BBF57B0953F7}.Debug|Any CPU.ActiveCfg = Debug|Any CPU
		{B896F061-18D5-53A0-7545-BBF57B0953F7}.Debug|Any CPU.Build.0 = Debug|Any CPU
		{B896F061-18D5-53A0-7545-BBF57B0953F7}.Release|Any CPU.ActiveCfg = Release|Any CPU
		{B896F061-18D5-53A0-7545-BBF57B0953F7}.Release|Any CPU.Build.0 = Release|Any CPU
	EndGlobalSection
	GlobalSection(SolutionProperties) = preSolution
		HideSolutionNode = FALSE
	EndGlobalSection
	GlobalSection(ExtensibilityGlobals) = postSolution
		SolutionGuid = {9066E0E0-C3FB-42C6-A1AE-49474AA161F0}
	EndGlobalSection
EndGlobal
