
Microsoft Visual Studio Solution File, Format Version 12.00
# Visual Studio Version 17
VisualStudioVersion = 17.2.32427.441
MinimumVisualStudioVersion = 10.0.40219.1
Project("{2150E333-8FDC-42A3-9474-1A3956D46DE8}") = "Library", "Library", "{129A7404-6BDF-4303-82F0-29AE7ED69903}"
EndProject
Project("{9A19103F-16F7-4668-BE54-9A1E7A4F7556}") = "CSLibrary2024-NETStandard20", "Library\CSLibrary\CSLibrary2024-NETStandard20.csproj", "{22CFB5A2-C51E-42BF-9394-3C4F2415E69C}"
EndProject
Project("{2150E333-8FDC-42A3-9474-1A3956D46DE8}") = "MobileMvxApp", "MobileMvxApp", "{704DE96C-C11F-455C-BB36-6EFBAC1C5F93}"
EndProject
Project("{9A19103F-16F7-4668-BE54-9A1E7A4F7556}") = "BLE.Client-NETStandard21", "MobileMvxApp\BLE.Client\BLE.Client-NETStandard21.csproj", "{47E1BEC1-4717-46F5-9E71-6F4CCB7B0EAF}"
EndProject
Project("{FAE04EC0-301F-11D3-BF4B-00C04F79EFBC}") = "BLE.Client.Droid", "MobileMvxApp\BLE.Client.Droid\BLE.Client.Droid.csproj", "{7B0E4EFD-EEB8-4CE9-9C8D-7A4BF734E9A7}"
EndProject
Project("{FAE04EC0-301F-11D3-BF4B-00C04F79EFBC}") = "BLE.Client.iOS", "MobileMvxApp\BLE.Client.iOS\BLE.Client.iOS.csproj", "{D0FBE2BA-799B-4071-A45D-8FB037006C9C}"
EndProject
Project("{FAE04EC0-301F-11D3-BF4B-00C04F79EFBC}") = "BLE.Client.UWP", "MobileMvxApp\BLE.Client.UWP\BLE.Client.UWP.csproj", "{25E04E05-F867-4F64-813D-AAFE0BA171B0}"
EndProject
Project("{9A19103F-16F7-4668-BE54-9A1E7A4F7556}") = "CSLibrary2024-NETStandard21", "Library\CSLibrary\CSLibrary2024-NETStandard21.csproj", "{8C408DC6-6191-405D-BE25-6C46F395A68B}"
EndProject
Project("{9A19103F-16F7-4668-BE54-9A1E7A4F7556}") = "BLE.Client-NETStandard20", "MobileMvxApp\BLE.Client\BLE.Client-NETStandard20.csproj", "{C4696738-7EF1-426C-A4B5-FCDD5735C9DA}"
EndProject
Global
	GlobalSection(SolutionConfigurationPlatforms) = preSolution
		Ad-Hoc|Any CPU = Ad-Hoc|Any CPU
		Ad-Hoc|ARM = Ad-Hoc|ARM
		Ad-Hoc|iPhone = Ad-Hoc|iPhone
		Ad-Hoc|iPhoneSimulator = Ad-Hoc|iPhoneSimulator
		Ad-Hoc|x64 = Ad-Hoc|x64
		Ad-Hoc|x86 = Ad-Hoc|x86
		AppStore|Any CPU = AppStore|Any CPU
		AppStore|ARM = AppStore|ARM
		AppStore|iPhone = AppStore|iPhone
		AppStore|iPhoneSimulator = AppStore|iPhoneSimulator
		AppStore|x64 = AppStore|x64
		AppStore|x86 = AppStore|x86
		Debug|Any CPU = Debug|Any CPU
		Debug|ARM = Debug|ARM
		Debug|iPhone = Debug|iPhone
		Debug|iPhoneSimulator = Debug|iPhoneSimulator
		Debug|x64 = Debug|x64
		Debug|x86 = Debug|x86
		Release|Any CPU = Release|Any CPU
		Release|ARM = Release|ARM
		Release|iPhone = Release|iPhone
		Release|iPhoneSimulator = Release|iPhoneSimulator
		Release|x64 = Release|x64
		Release|x86 = Release|x86
	EndGlobalSection
	GlobalSection(ProjectConfigurationPlatforms) = postSolution
		{22CFB5A2-C51E-42BF-9394-3C4F2415E69C}.Ad-Hoc|Any CPU.ActiveCfg = Release|Any CPU
		{22CFB5A2-C51E-42BF-9394-3C4F2415E69C}.Ad-Hoc|Any CPU.Build.0 = Release|Any CPU
		{22CFB5A2-C51E-42BF-9394-3C4F2415E69C}.Ad-Hoc|ARM.ActiveCfg = Debug|Any CPU
		{22CFB5A2-C51E-42BF-9394-3C4F2415E69C}.Ad-Hoc|ARM.Build.0 = Debug|Any CPU
		{22CFB5A2-C51E-42BF-9394-3C4F2415E69C}.Ad-Hoc|iPhone.ActiveCfg = Debug|Any CPU
		{22CFB5A2-C51E-42BF-9394-3C4F2415E69C}.Ad-Hoc|iPhone.Build.0 = Debug|Any CPU
		{22CFB5A2-C51E-42BF-9394-3C4F2415E69C}.Ad-Hoc|iPhoneSimulator.ActiveCfg = Release|Any CPU
		{22CFB5A2-C51E-42BF-9394-3C4F2415E69C}.Ad-Hoc|iPhoneSimulator.Build.0 = Release|Any CPU
		{22CFB5A2-C51E-42BF-9394-3C4F2415E69C}.Ad-Hoc|x64.ActiveCfg = Debug|Any CPU
		{22CFB5A2-C51E-42BF-9394-3C4F2415E69C}.Ad-Hoc|x64.Build.0 = Debug|Any CPU
		{22CFB5A2-C51E-42BF-9394-3C4F2415E69C}.Ad-Hoc|x86.ActiveCfg = Debug|Any CPU
		{22CFB5A2-C51E-42BF-9394-3C4F2415E69C}.Ad-Hoc|x86.Build.0 = Debug|Any CPU
		{22CFB5A2-C51E-42BF-9394-3C4F2415E69C}.AppStore|Any CPU.ActiveCfg = Release|Any CPU
		{22CFB5A2-C51E-42BF-9394-3C4F2415E69C}.AppStore|Any CPU.Build.0 = Release|Any CPU
		{22CFB5A2-C51E-42BF-9394-3C4F2415E69C}.AppStore|ARM.ActiveCfg = Debug|Any CPU
		{22CFB5A2-C51E-42BF-9394-3C4F2415E69C}.AppStore|ARM.Build.0 = Debug|Any CPU
		{22CFB5A2-C51E-42BF-9394-3C4F2415E69C}.AppStore|iPhone.ActiveCfg = Debug|Any CPU
		{22CFB5A2-C51E-42BF-9394-3C4F2415E69C}.AppStore|iPhone.Build.0 = Debug|Any CPU
		{22CFB5A2-C51E-42BF-9394-3C4F2415E69C}.AppStore|iPhoneSimulator.ActiveCfg = Release|Any CPU
		{22CFB5A2-C51E-42BF-9394-3C4F2415E69C}.AppStore|iPhoneSimulator.Build.0 = Release|Any CPU
		{22CFB5A2-C51E-42BF-9394-3C4F2415E69C}.AppStore|x64.ActiveCfg = Debug|Any CPU
		{22CFB5A2-C51E-42BF-9394-3C4F2415E69C}.AppStore|x64.Build.0 = Debug|Any CPU
		{22CFB5A2-C51E-42BF-9394-3C4F2415E69C}.AppStore|x86.ActiveCfg = Debug|Any CPU
		{22CFB5A2-C51E-42BF-9394-3C4F2415E69C}.AppStore|x86.Build.0 = Debug|Any CPU
		{22CFB5A2-C51E-42BF-9394-3C4F2415E69C}.Debug|Any CPU.ActiveCfg = Debug|Any CPU
		{22CFB5A2-C51E-42BF-9394-3C4F2415E69C}.Debug|Any CPU.Build.0 = Debug|Any CPU
		{22CFB5A2-C51E-42BF-9394-3C4F2415E69C}.Debug|ARM.ActiveCfg = Debug|Any CPU
		{22CFB5A2-C51E-42BF-9394-3C4F2415E69C}.Debug|ARM.Build.0 = Debug|Any CPU
		{22CFB5A2-C51E-42BF-9394-3C4F2415E69C}.Debug|iPhone.ActiveCfg = Debug|Any CPU
		{22CFB5A2-C51E-42BF-9394-3C4F2415E69C}.Debug|iPhone.Build.0 = Debug|Any CPU
		{22CFB5A2-C51E-42BF-9394-3C4F2415E69C}.Debug|iPhoneSimulator.ActiveCfg = Debug|Any CPU
		{22CFB5A2-C51E-42BF-9394-3C4F2415E69C}.Debug|iPhoneSimulator.Build.0 = Debug|Any CPU
		{22CFB5A2-C51E-42BF-9394-3C4F2415E69C}.Debug|x64.ActiveCfg = Debug|Any CPU
		{22CFB5A2-C51E-42BF-9394-3C4F2415E69C}.Debug|x64.Build.0 = Debug|Any CPU
		{22CFB5A2-C51E-42BF-9394-3C4F2415E69C}.Debug|x86.ActiveCfg = Debug|Any CPU
		{22CFB5A2-C51E-42BF-9394-3C4F2415E69C}.Debug|x86.Build.0 = Debug|Any CPU
		{22CFB5A2-C51E-42BF-9394-3C4F2415E69C}.Release|Any CPU.ActiveCfg = Release|Any CPU
		{22CFB5A2-C51E-42BF-9394-3C4F2415E69C}.Release|Any CPU.Build.0 = Release|Any CPU
		{22CFB5A2-C51E-42BF-9394-3C4F2415E69C}.Release|ARM.ActiveCfg = Release|Any CPU
		{22CFB5A2-C51E-42BF-9394-3C4F2415E69C}.Release|ARM.Build.0 = Release|Any CPU
		{22CFB5A2-C51E-42BF-9394-3C4F2415E69C}.Release|iPhone.ActiveCfg = Release|Any CPU
		{22CFB5A2-C51E-42BF-9394-3C4F2415E69C}.Release|iPhone.Build.0 = Release|Any CPU
		{22CFB5A2-C51E-42BF-9394-3C4F2415E69C}.Release|iPhoneSimulator.ActiveCfg = Release|Any CPU
		{22CFB5A2-C51E-42BF-9394-3C4F2415E69C}.Release|iPhoneSimulator.Build.0 = Release|Any CPU
		{22CFB5A2-C51E-42BF-9394-3C4F2415E69C}.Release|x64.ActiveCfg = Release|Any CPU
		{22CFB5A2-C51E-42BF-9394-3C4F2415E69C}.Release|x64.Build.0 = Release|Any CPU
		{22CFB5A2-C51E-42BF-9394-3C4F2415E69C}.Release|x86.ActiveCfg = Release|Any CPU
		{22CFB5A2-C51E-42BF-9394-3C4F2415E69C}.Release|x86.Build.0 = Release|Any CPU
		{47E1BEC1-4717-46F5-9E71-6F4CCB7B0EAF}.Ad-Hoc|Any CPU.ActiveCfg = Release|Any CPU
		{47E1BEC1-4717-46F5-9E71-6F4CCB7B0EAF}.Ad-Hoc|Any CPU.Build.0 = Release|Any CPU
		{47E1BEC1-4717-46F5-9E71-6F4CCB7B0EAF}.Ad-Hoc|ARM.ActiveCfg = Debug|Any CPU
		{47E1BEC1-4717-46F5-9E71-6F4CCB7B0EAF}.Ad-Hoc|ARM.Build.0 = Debug|Any CPU
		{47E1BEC1-4717-46F5-9E71-6F4CCB7B0EAF}.Ad-Hoc|iPhone.ActiveCfg = Debug|Any CPU
		{47E1BEC1-4717-46F5-9E71-6F4CCB7B0EAF}.Ad-Hoc|iPhone.Build.0 = Debug|Any CPU
		{47E1BEC1-4717-46F5-9E71-6F4CCB7B0EAF}.Ad-Hoc|iPhoneSimulator.ActiveCfg = Release|Any CPU
		{47E1BEC1-4717-46F5-9E71-6F4CCB7B0EAF}.Ad-Hoc|iPhoneSimulator.Build.0 = Release|Any CPU
		{47E1BEC1-4717-46F5-9E71-6F4CCB7B0EAF}.Ad-Hoc|x64.ActiveCfg = Debug|Any CPU
		{47E1BEC1-4717-46F5-9E71-6F4CCB7B0EAF}.Ad-Hoc|x64.Build.0 = Debug|Any CPU
		{47E1BEC1-4717-46F5-9E71-6F4CCB7B0EAF}.Ad-Hoc|x86.ActiveCfg = Debug|Any CPU
		{47E1BEC1-4717-46F5-9E71-6F4CCB7B0EAF}.Ad-Hoc|x86.Build.0 = Debug|Any CPU
		{47E1BEC1-4717-46F5-9E71-6F4CCB7B0EAF}.AppStore|Any CPU.ActiveCfg = Release|Any CPU
		{47E1BEC1-4717-46F5-9E71-6F4CCB7B0EAF}.AppStore|Any CPU.Build.0 = Release|Any CPU
		{47E1BEC1-4717-46F5-9E71-6F4CCB7B0EAF}.AppStore|ARM.ActiveCfg = Debug|Any CPU
		{47E1BEC1-4717-46F5-9E71-6F4CCB7B0EAF}.AppStore|ARM.Build.0 = Debug|Any CPU
		{47E1BEC1-4717-46F5-9E71-6F4CCB7B0EAF}.AppStore|iPhone.ActiveCfg = Debug|Any CPU
		{47E1BEC1-4717-46F5-9E71-6F4CCB7B0EAF}.AppStore|iPhone.Build.0 = Debug|Any CPU
		{47E1BEC1-4717-46F5-9E71-6F4CCB7B0EAF}.AppStore|iPhoneSimulator.ActiveCfg = Release|Any CPU
		{47E1BEC1-4717-46F5-9E71-6F4CCB7B0EAF}.AppStore|iPhoneSimulator.Build.0 = Release|Any CPU
		{47E1BEC1-4717-46F5-9E71-6F4CCB7B0EAF}.AppStore|x64.ActiveCfg = Debug|Any CPU
		{47E1BEC1-4717-46F5-9E71-6F4CCB7B0EAF}.AppStore|x64.Build.0 = Debug|Any CPU
		{47E1BEC1-4717-46F5-9E71-6F4CCB7B0EAF}.AppStore|x86.ActiveCfg = Debug|Any CPU
		{47E1BEC1-4717-46F5-9E71-6F4CCB7B0EAF}.AppStore|x86.Build.0 = Debug|Any CPU
		{47E1BEC1-4717-46F5-9E71-6F4CCB7B0EAF}.Debug|Any CPU.ActiveCfg = Debug|Any CPU
		{47E1BEC1-4717-46F5-9E71-6F4CCB7B0EAF}.Debug|Any CPU.Build.0 = Debug|Any CPU
		{47E1BEC1-4717-46F5-9E71-6F4CCB7B0EAF}.Debug|ARM.ActiveCfg = Debug|Any CPU
		{47E1BEC1-4717-46F5-9E71-6F4CCB7B0EAF}.Debug|ARM.Build.0 = Debug|Any CPU
		{47E1BEC1-4717-46F5-9E71-6F4CCB7B0EAF}.Debug|iPhone.ActiveCfg = Debug|Any CPU
		{47E1BEC1-4717-46F5-9E71-6F4CCB7B0EAF}.Debug|iPhone.Build.0 = Debug|Any CPU
		{47E1BEC1-4717-46F5-9E71-6F4CCB7B0EAF}.Debug|iPhoneSimulator.ActiveCfg = Debug|Any CPU
		{47E1BEC1-4717-46F5-9E71-6F4CCB7B0EAF}.Debug|iPhoneSimulator.Build.0 = Debug|Any CPU
		{47E1BEC1-4717-46F5-9E71-6F4CCB7B0EAF}.Debug|x64.ActiveCfg = Debug|Any CPU
		{47E1BEC1-4717-46F5-9E71-6F4CCB7B0EAF}.Debug|x64.Build.0 = Debug|Any CPU
		{47E1BEC1-4717-46F5-9E71-6F4CCB7B0EAF}.Debug|x86.ActiveCfg = Debug|Any CPU
		{47E1BEC1-4717-46F5-9E71-6F4CCB7B0EAF}.Debug|x86.Build.0 = Debug|Any CPU
		{47E1BEC1-4717-46F5-9E71-6F4CCB7B0EAF}.Release|Any CPU.ActiveCfg = Release|Any CPU
		{47E1BEC1-4717-46F5-9E71-6F4CCB7B0EAF}.Release|Any CPU.Build.0 = Release|Any CPU
		{47E1BEC1-4717-46F5-9E71-6F4CCB7B0EAF}.Release|ARM.ActiveCfg = Release|Any CPU
		{47E1BEC1-4717-46F5-9E71-6F4CCB7B0EAF}.Release|ARM.Build.0 = Release|Any CPU
		{47E1BEC1-4717-46F5-9E71-6F4CCB7B0EAF}.Release|iPhone.ActiveCfg = Release|Any CPU
		{47E1BEC1-4717-46F5-9E71-6F4CCB7B0EAF}.Release|iPhone.Build.0 = Release|Any CPU
		{47E1BEC1-4717-46F5-9E71-6F4CCB7B0EAF}.Release|iPhoneSimulator.ActiveCfg = Release|Any CPU
		{47E1BEC1-4717-46F5-9E71-6F4CCB7B0EAF}.Release|iPhoneSimulator.Build.0 = Release|Any CPU
		{47E1BEC1-4717-46F5-9E71-6F4CCB7B0EAF}.Release|x64.ActiveCfg = Release|Any CPU
		{47E1BEC1-4717-46F5-9E71-6F4CCB7B0EAF}.Release|x64.Build.0 = Release|Any CPU
		{47E1BEC1-4717-46F5-9E71-6F4CCB7B0EAF}.Release|x86.ActiveCfg = Release|Any CPU
		{47E1BEC1-4717-46F5-9E71-6F4CCB7B0EAF}.Release|x86.Build.0 = Release|Any CPU
		{7B0E4EFD-EEB8-4CE9-9C8D-7A4BF734E9A7}.Ad-Hoc|Any CPU.ActiveCfg = Release|Any CPU
		{7B0E4EFD-EEB8-4CE9-9C8D-7A4BF734E9A7}.Ad-Hoc|Any CPU.Build.0 = Release|Any CPU
		{7B0E4EFD-EEB8-4CE9-9C8D-7A4BF734E9A7}.Ad-Hoc|Any CPU.Deploy.0 = Release|Any CPU
		{7B0E4EFD-EEB8-4CE9-9C8D-7A4BF734E9A7}.Ad-Hoc|ARM.ActiveCfg = Debug|Any CPU
		{7B0E4EFD-EEB8-4CE9-9C8D-7A4BF734E9A7}.Ad-Hoc|ARM.Build.0 = Debug|Any CPU
		{7B0E4EFD-EEB8-4CE9-9C8D-7A4BF734E9A7}.Ad-Hoc|ARM.Deploy.0 = Debug|Any CPU
		{7B0E4EFD-EEB8-4CE9-9C8D-7A4BF734E9A7}.Ad-Hoc|iPhone.ActiveCfg = Debug|Any CPU
		{7B0E4EFD-EEB8-4CE9-9C8D-7A4BF734E9A7}.Ad-Hoc|iPhone.Build.0 = Debug|Any CPU
		{7B0E4EFD-EEB8-4CE9-9C8D-7A4BF734E9A7}.Ad-Hoc|iPhoneSimulator.ActiveCfg = Release|Any CPU
		{7B0E4EFD-EEB8-4CE9-9C8D-7A4BF734E9A7}.Ad-Hoc|iPhoneSimulator.Build.0 = Release|Any CPU
		{7B0E4EFD-EEB8-4CE9-9C8D-7A4BF734E9A7}.Ad-Hoc|iPhoneSimulator.Deploy.0 = Release|Any CPU
		{7B0E4EFD-EEB8-4CE9-9C8D-7A4BF734E9A7}.Ad-Hoc|x64.ActiveCfg = Debug|Any CPU
		{7B0E4EFD-EEB8-4CE9-9C8D-7A4BF734E9A7}.Ad-Hoc|x64.Build.0 = Debug|Any CPU
		{7B0E4EFD-EEB8-4CE9-9C8D-7A4BF734E9A7}.Ad-Hoc|x64.Deploy.0 = Debug|Any CPU
		{7B0E4EFD-EEB8-4CE9-9C8D-7A4BF734E9A7}.Ad-Hoc|x86.ActiveCfg = Debug|Any CPU
		{7B0E4EFD-EEB8-4CE9-9C8D-7A4BF734E9A7}.Ad-Hoc|x86.Build.0 = Debug|Any CPU
		{7B0E4EFD-EEB8-4CE9-9C8D-7A4BF734E9A7}.Ad-Hoc|x86.Deploy.0 = Debug|Any CPU
		{7B0E4EFD-EEB8-4CE9-9C8D-7A4BF734E9A7}.AppStore|Any CPU.ActiveCfg = Release|Any CPU
		{7B0E4EFD-EEB8-4CE9-9C8D-7A4BF734E9A7}.AppStore|Any CPU.Build.0 = Release|Any CPU
		{7B0E4EFD-EEB8-4CE9-9C8D-7A4BF734E9A7}.AppStore|Any CPU.Deploy.0 = Release|Any CPU
		{7B0E4EFD-EEB8-4CE9-9C8D-7A4BF734E9A7}.AppStore|ARM.ActiveCfg = Debug|Any CPU
		{7B0E4EFD-EEB8-4CE9-9C8D-7A4BF734E9A7}.AppStore|ARM.Build.0 = Debug|Any CPU
		{7B0E4EFD-EEB8-4CE9-9C8D-7A4BF734E9A7}.AppStore|ARM.Deploy.0 = Debug|Any CPU
		{7B0E4EFD-EEB8-4CE9-9C8D-7A4BF734E9A7}.AppStore|iPhone.ActiveCfg = Debug|Any CPU
		{7B0E4EFD-EEB8-4CE9-9C8D-7A4BF734E9A7}.AppStore|iPhone.Build.0 = Debug|Any CPU
		{7B0E4EFD-EEB8-4CE9-9C8D-7A4BF734E9A7}.AppStore|iPhoneSimulator.ActiveCfg = Release|Any CPU
		{7B0E4EFD-EEB8-4CE9-9C8D-7A4BF734E9A7}.AppStore|iPhoneSimulator.Build.0 = Release|Any CPU
		{7B0E4EFD-EEB8-4CE9-9C8D-7A4BF734E9A7}.AppStore|iPhoneSimulator.Deploy.0 = Release|Any CPU
		{7B0E4EFD-EEB8-4CE9-9C8D-7A4BF734E9A7}.AppStore|x64.ActiveCfg = Debug|Any CPU
		{7B0E4EFD-EEB8-4CE9-9C8D-7A4BF734E9A7}.AppStore|x64.Build.0 = Debug|Any CPU
		{7B0E4EFD-EEB8-4CE9-9C8D-7A4BF734E9A7}.AppStore|x64.Deploy.0 = Debug|Any CPU
		{7B0E4EFD-EEB8-4CE9-9C8D-7A4BF734E9A7}.AppStore|x86.ActiveCfg = Debug|Any CPU
		{7B0E4EFD-EEB8-4CE9-9C8D-7A4BF734E9A7}.AppStore|x86.Build.0 = Debug|Any CPU
		{7B0E4EFD-EEB8-4CE9-9C8D-7A4BF734E9A7}.AppStore|x86.Deploy.0 = Debug|Any CPU
		{7B0E4EFD-EEB8-4CE9-9C8D-7A4BF734E9A7}.Debug|Any CPU.ActiveCfg = Debug|Any CPU
		{7B0E4EFD-EEB8-4CE9-9C8D-7A4BF734E9A7}.Debug|Any CPU.Build.0 = Debug|Any CPU
		{7B0E4EFD-EEB8-4CE9-9C8D-7A4BF734E9A7}.Debug|Any CPU.Deploy.0 = Debug|Any CPU
		{7B0E4EFD-EEB8-4CE9-9C8D-7A4BF734E9A7}.Debug|ARM.ActiveCfg = Debug|Any CPU
		{7B0E4EFD-EEB8-4CE9-9C8D-7A4BF734E9A7}.Debug|ARM.Build.0 = Debug|Any CPU
		{7B0E4EFD-EEB8-4CE9-9C8D-7A4BF734E9A7}.Debug|ARM.Deploy.0 = Debug|Any CPU
		{7B0E4EFD-EEB8-4CE9-9C8D-7A4BF734E9A7}.Debug|iPhone.ActiveCfg = Debug|Any CPU
		{7B0E4EFD-EEB8-4CE9-9C8D-7A4BF734E9A7}.Debug|iPhone.Build.0 = Debug|Any CPU
		{7B0E4EFD-EEB8-4CE9-9C8D-7A4BF734E9A7}.Debug|iPhone.Deploy.0 = Debug|Any CPU
		{7B0E4EFD-EEB8-4CE9-9C8D-7A4BF734E9A7}.Debug|iPhoneSimulator.ActiveCfg = Debug|Any CPU
		{7B0E4EFD-EEB8-4CE9-9C8D-7A4BF734E9A7}.Debug|iPhoneSimulator.Build.0 = Debug|Any CPU
		{7B0E4EFD-EEB8-4CE9-9C8D-7A4BF734E9A7}.Debug|x64.ActiveCfg = Debug|Any CPU
		{7B0E4EFD-EEB8-4CE9-9C8D-7A4BF734E9A7}.Debug|x64.Build.0 = Debug|Any CPU
		{7B0E4EFD-EEB8-4CE9-9C8D-7A4BF734E9A7}.Debug|x64.Deploy.0 = Debug|Any CPU
		{7B0E4EFD-EEB8-4CE9-9C8D-7A4BF734E9A7}.Debug|x86.ActiveCfg = Debug|Any CPU
		{7B0E4EFD-EEB8-4CE9-9C8D-7A4BF734E9A7}.Debug|x86.Build.0 = Debug|Any CPU
		{7B0E4EFD-EEB8-4CE9-9C8D-7A4BF734E9A7}.Debug|x86.Deploy.0 = Debug|Any CPU
		{7B0E4EFD-EEB8-4CE9-9C8D-7A4BF734E9A7}.Release|Any CPU.ActiveCfg = Release|Any CPU
		{7B0E4EFD-EEB8-4CE9-9C8D-7A4BF734E9A7}.Release|Any CPU.Build.0 = Release|Any CPU
		{7B0E4EFD-EEB8-4CE9-9C8D-7A4BF734E9A7}.Release|ARM.ActiveCfg = Release|Any CPU
		{7B0E4EFD-EEB8-4CE9-9C8D-7A4BF734E9A7}.Release|ARM.Build.0 = Release|Any CPU
		{7B0E4EFD-EEB8-4CE9-9C8D-7A4BF734E9A7}.Release|ARM.Deploy.0 = Release|Any CPU
		{7B0E4EFD-EEB8-4CE9-9C8D-7A4BF734E9A7}.Release|iPhone.ActiveCfg = Release|Any CPU
		{7B0E4EFD-EEB8-4CE9-9C8D-7A4BF734E9A7}.Release|iPhone.Build.0 = Release|Any CPU
		{7B0E4EFD-EEB8-4CE9-9C8D-7A4BF734E9A7}.Release|iPhoneSimulator.ActiveCfg = Release|Any CPU
		{7B0E4EFD-EEB8-4CE9-9C8D-7A4BF734E9A7}.Release|iPhoneSimulator.Build.0 = Release|Any CPU
		{7B0E4EFD-EEB8-4CE9-9C8D-7A4BF734E9A7}.Release|x64.ActiveCfg = Release|Any CPU
		{7B0E4EFD-EEB8-4CE9-9C8D-7A4BF734E9A7}.Release|x64.Build.0 = Release|Any CPU
		{7B0E4EFD-EEB8-4CE9-9C8D-7A4BF734E9A7}.Release|x64.Deploy.0 = Release|Any CPU
		{7B0E4EFD-EEB8-4CE9-9C8D-7A4BF734E9A7}.Release|x86.ActiveCfg = Release|Any CPU
		{7B0E4EFD-EEB8-4CE9-9C8D-7A4BF734E9A7}.Release|x86.Build.0 = Release|Any CPU
		{7B0E4EFD-EEB8-4CE9-9C8D-7A4BF734E9A7}.Release|x86.Deploy.0 = Release|Any CPU
		{D0FBE2BA-799B-4071-A45D-8FB037006C9C}.Ad-Hoc|Any CPU.ActiveCfg = Ad-Hoc|iPhoneSimulator
		{D0FBE2BA-799B-4071-A45D-8FB037006C9C}.Ad-Hoc|ARM.ActiveCfg = Ad-Hoc|iPhone
		{D0FBE2BA-799B-4071-A45D-8FB037006C9C}.Ad-Hoc|ARM.Build.0 = Ad-Hoc|iPhone
		{D0FBE2BA-799B-4071-A45D-8FB037006C9C}.Ad-Hoc|iPhone.ActiveCfg = Ad-Hoc|iPhone
		{D0FBE2BA-799B-4071-A45D-8FB037006C9C}.Ad-Hoc|iPhone.Build.0 = Ad-Hoc|iPhone
		{D0FBE2BA-799B-4071-A45D-8FB037006C9C}.Ad-Hoc|iPhoneSimulator.ActiveCfg = Ad-Hoc|iPhoneSimulator
		{D0FBE2BA-799B-4071-A45D-8FB037006C9C}.Ad-Hoc|iPhoneSimulator.Build.0 = Ad-Hoc|iPhoneSimulator
		{D0FBE2BA-799B-4071-A45D-8FB037006C9C}.Ad-Hoc|x64.ActiveCfg = Ad-Hoc|iPhone
		{D0FBE2BA-799B-4071-A45D-8FB037006C9C}.Ad-Hoc|x64.Build.0 = Ad-Hoc|iPhone
		{D0FBE2BA-799B-4071-A45D-8FB037006C9C}.Ad-Hoc|x86.ActiveCfg = Ad-Hoc|iPhone
		{D0FBE2BA-799B-4071-A45D-8FB037006C9C}.Ad-Hoc|x86.Build.0 = Ad-Hoc|iPhone
		{D0FBE2BA-799B-4071-A45D-8FB037006C9C}.AppStore|Any CPU.ActiveCfg = AppStore|iPhoneSimulator
		{D0FBE2BA-799B-4071-A45D-8FB037006C9C}.AppStore|ARM.ActiveCfg = AppStore|iPhone
		{D0FBE2BA-799B-4071-A45D-8FB037006C9C}.AppStore|ARM.Build.0 = AppStore|iPhone
		{D0FBE2BA-799B-4071-A45D-8FB037006C9C}.AppStore|iPhone.ActiveCfg = AppStore|iPhone
		{D0FBE2BA-799B-4071-A45D-8FB037006C9C}.AppStore|iPhone.Build.0 = AppStore|iPhone
		{D0FBE2BA-799B-4071-A45D-8FB037006C9C}.AppStore|iPhoneSimulator.ActiveCfg = AppStore|iPhoneSimulator
		{D0FBE2BA-799B-4071-A45D-8FB037006C9C}.AppStore|iPhoneSimulator.Build.0 = AppStore|iPhoneSimulator
		{D0FBE2BA-799B-4071-A45D-8FB037006C9C}.AppStore|x64.ActiveCfg = AppStore|iPhone
		{D0FBE2BA-799B-4071-A45D-8FB037006C9C}.AppStore|x64.Build.0 = AppStore|iPhone
		{D0FBE2BA-799B-4071-A45D-8FB037006C9C}.AppStore|x86.ActiveCfg = AppStore|iPhone
		{D0FBE2BA-799B-4071-A45D-8FB037006C9C}.AppStore|x86.Build.0 = AppStore|iPhone
		{D0FBE2BA-799B-4071-A45D-8FB037006C9C}.Debug|Any CPU.ActiveCfg = Debug|iPhoneSimulator
		{D0FBE2BA-799B-4071-A45D-8FB037006C9C}.Debug|Any CPU.Build.0 = Debug|iPhoneSimulator
		{D0FBE2BA-799B-4071-A45D-8FB037006C9C}.Debug|ARM.ActiveCfg = Debug|iPhone
		{D0FBE2BA-799B-4071-A45D-8FB037006C9C}.Debug|ARM.Build.0 = Debug|iPhone
		{D0FBE2BA-799B-4071-A45D-8FB037006C9C}.Debug|iPhone.ActiveCfg = Debug|iPhone
		{D0FBE2BA-799B-4071-A45D-8FB037006C9C}.Debug|iPhone.Build.0 = Debug|iPhone
		{D0FBE2BA-799B-4071-A45D-8FB037006C9C}.Debug|iPhone.Deploy.0 = Debug|iPhone
		{D0FBE2BA-799B-4071-A45D-8FB037006C9C}.Debug|iPhoneSimulator.ActiveCfg = Debug|x64
		{D0FBE2BA-799B-4071-A45D-8FB037006C9C}.Debug|iPhoneSimulator.Build.0 = Debug|x64
		{D0FBE2BA-799B-4071-A45D-8FB037006C9C}.Debug|x64.ActiveCfg = Debug|iPhone
		{D0FBE2BA-799B-4071-A45D-8FB037006C9C}.Debug|x64.Build.0 = Debug|iPhone
		{D0FBE2BA-799B-4071-A45D-8FB037006C9C}.Debug|x86.ActiveCfg = Debug|iPhone
		{D0FBE2BA-799B-4071-A45D-8FB037006C9C}.Debug|x86.Build.0 = Debug|iPhone
		{D0FBE2BA-799B-4071-A45D-8FB037006C9C}.Release|Any CPU.ActiveCfg = Release|iPhoneSimulator
		{D0FBE2BA-799B-4071-A45D-8FB037006C9C}.Release|Any CPU.Build.0 = Release|iPhoneSimulator
		{D0FBE2BA-799B-4071-A45D-8FB037006C9C}.Release|ARM.ActiveCfg = Release|iPhone
		{D0FBE2BA-799B-4071-A45D-8FB037006C9C}.Release|ARM.Build.0 = Release|iPhone
		{D0FBE2BA-799B-4071-A45D-8FB037006C9C}.Release|iPhone.ActiveCfg = Release|iPhone
		{D0FBE2BA-799B-4071-A45D-8FB037006C9C}.Release|iPhone.Build.0 = Release|iPhone
		{D0FBE2BA-799B-4071-A45D-8FB037006C9C}.Release|iPhoneSimulator.ActiveCfg = Release|iPhoneSimulator
		{D0FBE2BA-799B-4071-A45D-8FB037006C9C}.Release|iPhoneSimulator.Build.0 = Release|iPhoneSimulator
		{D0FBE2BA-799B-4071-A45D-8FB037006C9C}.Release|x64.ActiveCfg = Release|iPhone
		{D0FBE2BA-799B-4071-A45D-8FB037006C9C}.Release|x64.Build.0 = Release|iPhone
		{D0FBE2BA-799B-4071-A45D-8FB037006C9C}.Release|x86.ActiveCfg = Release|iPhone
		{D0FBE2BA-799B-4071-A45D-8FB037006C9C}.Release|x86.Build.0 = Release|iPhone
		{25E04E05-F867-4F64-813D-AAFE0BA171B0}.Ad-Hoc|Any CPU.ActiveCfg = Debug|x64
		{25E04E05-F867-4F64-813D-AAFE0BA171B0}.Ad-Hoc|Any CPU.Build.0 = Debug|x64
		{25E04E05-F867-4F64-813D-AAFE0BA171B0}.Ad-Hoc|Any CPU.Deploy.0 = Debug|x64
		{25E04E05-F867-4F64-813D-AAFE0BA171B0}.Ad-Hoc|ARM.ActiveCfg = Debug|ARM
		{25E04E05-F867-4F64-813D-AAFE0BA171B0}.Ad-Hoc|ARM.Build.0 = Debug|ARM
		{25E04E05-F867-4F64-813D-AAFE0BA171B0}.Ad-Hoc|ARM.Deploy.0 = Debug|ARM
		{25E04E05-F867-4F64-813D-AAFE0BA171B0}.Ad-Hoc|iPhone.ActiveCfg = Debug|x64
		{25E04E05-F867-4F64-813D-AAFE0BA171B0}.Ad-Hoc|iPhone.Build.0 = Debug|x64
		{25E04E05-F867-4F64-813D-AAFE0BA171B0}.Ad-Hoc|iPhone.Deploy.0 = Debug|x64
		{25E04E05-F867-4F64-813D-AAFE0BA171B0}.Ad-Hoc|iPhoneSimulator.ActiveCfg = Debug|x64
		{25E04E05-F867-4F64-813D-AAFE0BA171B0}.Ad-Hoc|iPhoneSimulator.Build.0 = Debug|x64
		{25E04E05-F867-4F64-813D-AAFE0BA171B0}.Ad-Hoc|iPhoneSimulator.Deploy.0 = Debug|x64
		{25E04E05-F867-4F64-813D-AAFE0BA171B0}.Ad-Hoc|x64.ActiveCfg = Debug|x64
		{25E04E05-F867-4F64-813D-AAFE0BA171B0}.Ad-Hoc|x64.Build.0 = Debug|x64
		{25E04E05-F867-4F64-813D-AAFE0BA171B0}.Ad-Hoc|x64.Deploy.0 = Debug|x64
		{25E04E05-F867-4F64-813D-AAFE0BA171B0}.Ad-Hoc|x86.ActiveCfg = Debug|x86
		{25E04E05-F867-4F64-813D-AAFE0BA171B0}.Ad-Hoc|x86.Build.0 = Debug|x86
		{25E04E05-F867-4F64-813D-AAFE0BA171B0}.Ad-Hoc|x86.Deploy.0 = Debug|x86
		{25E04E05-F867-4F64-813D-AAFE0BA171B0}.AppStore|Any CPU.ActiveCfg = Debug|x64
		{25E04E05-F867-4F64-813D-AAFE0BA171B0}.AppStore|Any CPU.Build.0 = Debug|x64
		{25E04E05-F867-4F64-813D-AAFE0BA171B0}.AppStore|Any CPU.Deploy.0 = Debug|x64
		{25E04E05-F867-4F64-813D-AAFE0BA171B0}.AppStore|ARM.ActiveCfg = Debug|ARM
		{25E04E05-F867-4F64-813D-AAFE0BA171B0}.AppStore|ARM.Build.0 = Debug|ARM
		{25E04E05-F867-4F64-813D-AAFE0BA171B0}.AppStore|ARM.Deploy.0 = Debug|ARM
		{25E04E05-F867-4F64-813D-AAFE0BA171B0}.AppStore|iPhone.ActiveCfg = Debug|x64
		{25E04E05-F867-4F64-813D-AAFE0BA171B0}.AppStore|iPhone.Build.0 = Debug|x64
		{25E04E05-F867-4F64-813D-AAFE0BA171B0}.AppStore|iPhone.Deploy.0 = Debug|x64
		{25E04E05-F867-4F64-813D-AAFE0BA171B0}.AppStore|iPhoneSimulator.ActiveCfg = Debug|x64
		{25E04E05-F867-4F64-813D-AAFE0BA171B0}.AppStore|iPhoneSimulator.Build.0 = Debug|x64
		{25E04E05-F867-4F64-813D-AAFE0BA171B0}.AppStore|iPhoneSimulator.Deploy.0 = Debug|x64
		{25E04E05-F867-4F64-813D-AAFE0BA171B0}.AppStore|x64.ActiveCfg = Debug|x64
		{25E04E05-F867-4F64-813D-AAFE0BA171B0}.AppStore|x64.Build.0 = Debug|x64
		{25E04E05-F867-4F64-813D-AAFE0BA171B0}.AppStore|x64.Deploy.0 = Debug|x64
		{25E04E05-F867-4F64-813D-AAFE0BA171B0}.AppStore|x86.ActiveCfg = Debug|x86
		{25E04E05-F867-4F64-813D-AAFE0BA171B0}.AppStore|x86.Build.0 = Debug|x86
		{25E04E05-F867-4F64-813D-AAFE0BA171B0}.AppStore|x86.Deploy.0 = Debug|x86
		{25E04E05-F867-4F64-813D-AAFE0BA171B0}.Debug|Any CPU.ActiveCfg = Debug|x64
		{25E04E05-F867-4F64-813D-AAFE0BA171B0}.Debug|Any CPU.Build.0 = Debug|x64
		{25E04E05-F867-4F64-813D-AAFE0BA171B0}.Debug|Any CPU.Deploy.0 = Debug|x64
		{25E04E05-F867-4F64-813D-AAFE0BA171B0}.Debug|ARM.ActiveCfg = Debug|ARM
		{25E04E05-F867-4F64-813D-AAFE0BA171B0}.Debug|ARM.Build.0 = Debug|ARM
		{25E04E05-F867-4F64-813D-AAFE0BA171B0}.Debug|ARM.Deploy.0 = Debug|ARM
		{25E04E05-F867-4F64-813D-AAFE0BA171B0}.Debug|iPhone.ActiveCfg = Debug|x64
		{25E04E05-F867-4F64-813D-AAFE0BA171B0}.Debug|iPhone.Build.0 = Debug|x64
		{25E04E05-F867-4F64-813D-AAFE0BA171B0}.Debug|iPhone.Deploy.0 = Debug|x64
		{25E04E05-F867-4F64-813D-AAFE0BA171B0}.Debug|iPhoneSimulator.ActiveCfg = Debug|x64
		{25E04E05-F867-4F64-813D-AAFE0BA171B0}.Debug|iPhoneSimulator.Build.0 = Debug|x64
		{25E04E05-F867-4F64-813D-AAFE0BA171B0}.Debug|iPhoneSimulator.Deploy.0 = Debug|x64
		{25E04E05-F867-4F64-813D-AAFE0BA171B0}.Debug|x64.ActiveCfg = Debug|x64
		{25E04E05-F867-4F64-813D-AAFE0BA171B0}.Debug|x64.Build.0 = Debug|x64
		{25E04E05-F867-4F64-813D-AAFE0BA171B0}.Debug|x64.Deploy.0 = Debug|x64
		{25E04E05-F867-4F64-813D-AAFE0BA171B0}.Debug|x86.ActiveCfg = Debug|x86
		{25E04E05-F867-4F64-813D-AAFE0BA171B0}.Debug|x86.Build.0 = Debug|x86
		{25E04E05-F867-4F64-813D-AAFE0BA171B0}.Debug|x86.Deploy.0 = Debug|x86
		{25E04E05-F867-4F64-813D-AAFE0BA171B0}.Release|Any CPU.ActiveCfg = Release|x64
		{25E04E05-F867-4F64-813D-AAFE0BA171B0}.Release|Any CPU.Build.0 = Release|x64
		{25E04E05-F867-4F64-813D-AAFE0BA171B0}.Release|Any CPU.Deploy.0 = Release|x64
		{25E04E05-F867-4F64-813D-AAFE0BA171B0}.Release|ARM.ActiveCfg = Release|ARM
		{25E04E05-F867-4F64-813D-AAFE0BA171B0}.Release|ARM.Build.0 = Release|ARM
		{25E04E05-F867-4F64-813D-AAFE0BA171B0}.Release|ARM.Deploy.0 = Release|ARM
		{25E04E05-F867-4F64-813D-AAFE0BA171B0}.Release|iPhone.ActiveCfg = Release|x64
		{25E04E05-F867-4F64-813D-AAFE0BA171B0}.Release|iPhone.Build.0 = Release|x64
		{25E04E05-F867-4F64-813D-AAFE0BA171B0}.Release|iPhone.Deploy.0 = Release|x64
		{25E04E05-F867-4F64-813D-AAFE0BA171B0}.Release|iPhoneSimulator.ActiveCfg = Release|x64
		{25E04E05-F867-4F64-813D-AAFE0BA171B0}.Release|iPhoneSimulator.Build.0 = Release|x64
		{25E04E05-F867-4F64-813D-AAFE0BA171B0}.Release|iPhoneSimulator.Deploy.0 = Release|x64
		{25E04E05-F867-4F64-813D-AAFE0BA171B0}.Release|x64.ActiveCfg = Release|x64
		{25E04E05-F867-4F64-813D-AAFE0BA171B0}.Release|x64.Build.0 = Release|x64
		{25E04E05-F867-4F64-813D-AAFE0BA171B0}.Release|x64.Deploy.0 = Release|x64
		{25E04E05-F867-4F64-813D-AAFE0BA171B0}.Release|x86.ActiveCfg = Release|x86
		{25E04E05-F867-4F64-813D-AAFE0BA171B0}.Release|x86.Build.0 = Release|x86
		{25E04E05-F867-4F64-813D-AAFE0BA171B0}.Release|x86.Deploy.0 = Release|x86
		{8C408DC6-6191-405D-BE25-6C46F395A68B}.Ad-Hoc|Any CPU.ActiveCfg = Debug|Any CPU
		{8C408DC6-6191-405D-BE25-6C46F395A68B}.Ad-Hoc|Any CPU.Build.0 = Debug|Any CPU
		{8C408DC6-6191-405D-BE25-6C46F395A68B}.Ad-Hoc|ARM.ActiveCfg = Debug|Any CPU
		{8C408DC6-6191-405D-BE25-6C46F395A68B}.Ad-Hoc|ARM.Build.0 = Debug|Any CPU
		{8C408DC6-6191-405D-BE25-6C46F395A68B}.Ad-Hoc|iPhone.ActiveCfg = Debug|Any CPU
		{8C408DC6-6191-405D-BE25-6C46F395A68B}.Ad-Hoc|iPhone.Build.0 = Debug|Any CPU
		{8C408DC6-6191-405D-BE25-6C46F395A68B}.Ad-Hoc|iPhoneSimulator.ActiveCfg = Debug|Any CPU
		{8C408DC6-6191-405D-BE25-6C46F395A68B}.Ad-Hoc|iPhoneSimulator.Build.0 = Debug|Any CPU
		{8C408DC6-6191-405D-BE25-6C46F395A68B}.Ad-Hoc|x64.ActiveCfg = Debug|Any CPU
		{8C408DC6-6191-405D-BE25-6C46F395A68B}.Ad-Hoc|x64.Build.0 = Debug|Any CPU
		{8C408DC6-6191-405D-BE25-6C46F395A68B}.Ad-Hoc|x86.ActiveCfg = Debug|Any CPU
		{8C408DC6-6191-405D-BE25-6C46F395A68B}.Ad-Hoc|x86.Build.0 = Debug|Any CPU
		{8C408DC6-6191-405D-BE25-6C46F395A68B}.AppStore|Any CPU.ActiveCfg = Debug|Any CPU
		{8C408DC6-6191-405D-BE25-6C46F395A68B}.AppStore|Any CPU.Build.0 = Debug|Any CPU
		{8C408DC6-6191-405D-BE25-6C46F395A68B}.AppStore|ARM.ActiveCfg = Debug|Any CPU
		{8C408DC6-6191-405D-BE25-6C46F395A68B}.AppStore|ARM.Build.0 = Debug|Any CPU
		{8C408DC6-6191-405D-BE25-6C46F395A68B}.AppStore|iPhone.ActiveCfg = Debug|Any CPU
		{8C408DC6-6191-405D-BE25-6C46F395A68B}.AppStore|iPhone.Build.0 = Debug|Any CPU
		{8C408DC6-6191-405D-BE25-6C46F395A68B}.AppStore|iPhoneSimulator.ActiveCfg = Debug|Any CPU
		{8C408DC6-6191-405D-BE25-6C46F395A68B}.AppStore|iPhoneSimulator.Build.0 = Debug|Any CPU
		{8C408DC6-6191-405D-BE25-6C46F395A68B}.AppStore|x64.ActiveCfg = Debug|Any CPU
		{8C408DC6-6191-405D-BE25-6C46F395A68B}.AppStore|x64.Build.0 = Debug|Any CPU
		{8C408DC6-6191-405D-BE25-6C46F395A68B}.AppStore|x86.ActiveCfg = Debug|Any CPU
		{8C408DC6-6191-405D-BE25-6C46F395A68B}.AppStore|x86.Build.0 = Debug|Any CPU
		{8C408DC6-6191-405D-BE25-6C46F395A68B}.Debug|Any CPU.ActiveCfg = Debug|Any CPU
		{8C408DC6-6191-405D-BE25-6C46F395A68B}.Debug|Any CPU.Build.0 = Debug|Any CPU
		{8C408DC6-6191-405D-BE25-6C46F395A68B}.Debug|ARM.ActiveCfg = Debug|Any CPU
		{8C408DC6-6191-405D-BE25-6C46F395A68B}.Debug|ARM.Build.0 = Debug|Any CPU
		{8C408DC6-6191-405D-BE25-6C46F395A68B}.Debug|iPhone.ActiveCfg = Debug|Any CPU
		{8C408DC6-6191-405D-BE25-6C46F395A68B}.Debug|iPhone.Build.0 = Debug|Any CPU
		{8C408DC6-6191-405D-BE25-6C46F395A68B}.Debug|iPhoneSimulator.ActiveCfg = Debug|Any CPU
		{8C408DC6-6191-405D-BE25-6C46F395A68B}.Debug|iPhoneSimulator.Build.0 = Debug|Any CPU
		{8C408DC6-6191-405D-BE25-6C46F395A68B}.Debug|x64.ActiveCfg = Debug|Any CPU
		{8C408DC6-6191-405D-BE25-6C46F395A68B}.Debug|x64.Build.0 = Debug|Any CPU
		{8C408DC6-6191-405D-BE25-6C46F395A68B}.Debug|x86.ActiveCfg = Debug|Any CPU
		{8C408DC6-6191-405D-BE25-6C46F395A68B}.Debug|x86.Build.0 = Debug|Any CPU
		{8C408DC6-6191-405D-BE25-6C46F395A68B}.Release|Any CPU.ActiveCfg = Release|Any CPU
		{8C408DC6-6191-405D-BE25-6C46F395A68B}.Release|Any CPU.Build.0 = Release|Any CPU
		{8C408DC6-6191-405D-BE25-6C46F395A68B}.Release|ARM.ActiveCfg = Release|Any CPU
		{8C408DC6-6191-405D-BE25-6C46F395A68B}.Release|ARM.Build.0 = Release|Any CPU
		{8C408DC6-6191-405D-BE25-6C46F395A68B}.Release|iPhone.ActiveCfg = Release|Any CPU
		{8C408DC6-6191-405D-BE25-6C46F395A68B}.Release|iPhone.Build.0 = Release|Any CPU
		{8C408DC6-6191-405D-BE25-6C46F395A68B}.Release|iPhoneSimulator.ActiveCfg = Release|Any CPU
		{8C408DC6-6191-405D-BE25-6C46F395A68B}.Release|iPhoneSimulator.Build.0 = Release|Any CPU
		{8C408DC6-6191-405D-BE25-6C46F395A68B}.Release|x64.ActiveCfg = Release|Any CPU
		{8C408DC6-6191-405D-BE25-6C46F395A68B}.Release|x64.Build.0 = Release|Any CPU
		{8C408DC6-6191-405D-BE25-6C46F395A68B}.Release|x86.ActiveCfg = Release|Any CPU
		{8C408DC6-6191-405D-BE25-6C46F395A68B}.Release|x86.Build.0 = Release|Any CPU
		{C4696738-7EF1-426C-A4B5-FCDD5735C9DA}.Ad-Hoc|Any CPU.ActiveCfg = Debug|Any CPU
		{C4696738-7EF1-426C-A4B5-FCDD5735C9DA}.Ad-Hoc|Any CPU.Build.0 = Debug|Any CPU
		{C4696738-7EF1-426C-A4B5-FCDD5735C9DA}.Ad-Hoc|ARM.ActiveCfg = Debug|Any CPU
		{C4696738-7EF1-426C-A4B5-FCDD5735C9DA}.Ad-Hoc|ARM.Build.0 = Debug|Any CPU
		{C4696738-7EF1-426C-A4B5-FCDD5735C9DA}.Ad-Hoc|iPhone.ActiveCfg = Debug|Any CPU
		{C4696738-7EF1-426C-A4B5-FCDD5735C9DA}.Ad-Hoc|iPhone.Build.0 = Debug|Any CPU
		{C4696738-7EF1-426C-A4B5-FCDD5735C9DA}.Ad-Hoc|iPhoneSimulator.ActiveCfg = Debug|Any CPU
		{C4696738-7EF1-426C-A4B5-FCDD5735C9DA}.Ad-Hoc|iPhoneSimulator.Build.0 = Debug|Any CPU
		{C4696738-7EF1-426C-A4B5-FCDD5735C9DA}.Ad-Hoc|x64.ActiveCfg = Debug|Any CPU
		{C4696738-7EF1-426C-A4B5-FCDD5735C9DA}.Ad-Hoc|x64.Build.0 = Debug|Any CPU
		{C4696738-7EF1-426C-A4B5-FCDD5735C9DA}.Ad-Hoc|x86.ActiveCfg = Debug|Any CPU
		{C4696738-7EF1-426C-A4B5-FCDD5735C9DA}.Ad-Hoc|x86.Build.0 = Debug|Any CPU
		{C4696738-7EF1-426C-A4B5-FCDD5735C9DA}.AppStore|Any CPU.ActiveCfg = Debug|Any CPU
		{C4696738-7EF1-426C-A4B5-FCDD5735C9DA}.AppStore|Any CPU.Build.0 = Debug|Any CPU
		{C4696738-7EF1-426C-A4B5-FCDD5735C9DA}.AppStore|ARM.ActiveCfg = Debug|Any CPU
		{C4696738-7EF1-426C-A4B5-FCDD5735C9DA}.AppStore|ARM.Build.0 = Debug|Any CPU
		{C4696738-7EF1-426C-A4B5-FCDD5735C9DA}.AppStore|iPhone.ActiveCfg = Debug|Any CPU
		{C4696738-7EF1-426C-A4B5-FCDD5735C9DA}.AppStore|iPhone.Build.0 = Debug|Any CPU
		{C4696738-7EF1-426C-A4B5-FCDD5735C9DA}.AppStore|iPhoneSimulator.ActiveCfg = Debug|Any CPU
		{C4696738-7EF1-426C-A4B5-FCDD5735C9DA}.AppStore|iPhoneSimulator.Build.0 = Debug|Any CPU
		{C4696738-7EF1-426C-A4B5-FCDD5735C9DA}.AppStore|x64.ActiveCfg = Debug|Any CPU
		{C4696738-7EF1-426C-A4B5-FCDD5735C9DA}.AppStore|x64.Build.0 = Debug|Any CPU
		{C4696738-7EF1-426C-A4B5-FCDD5735C9DA}.AppStore|x86.ActiveCfg = Debug|Any CPU
		{C4696738-7EF1-426C-A4B5-FCDD5735C9DA}.AppStore|x86.Build.0 = Debug|Any CPU
		{C4696738-7EF1-426C-A4B5-FCDD5735C9DA}.Debug|Any CPU.ActiveCfg = Debug|Any CPU
		{C4696738-7EF1-426C-A4B5-FCDD5735C9DA}.Debug|Any CPU.Build.0 = Debug|Any CPU
		{C4696738-7EF1-426C-A4B5-FCDD5735C9DA}.Debug|ARM.ActiveCfg = Debug|Any CPU
		{C4696738-7EF1-426C-A4B5-FCDD5735C9DA}.Debug|ARM.Build.0 = Debug|Any CPU
		{C4696738-7EF1-426C-A4B5-FCDD5735C9DA}.Debug|iPhone.ActiveCfg = Debug|Any CPU
		{C4696738-7EF1-426C-A4B5-FCDD5735C9DA}.Debug|iPhone.Build.0 = Debug|Any CPU
		{C4696738-7EF1-426C-A4B5-FCDD5735C9DA}.Debug|iPhoneSimulator.ActiveCfg = Debug|Any CPU
		{C4696738-7EF1-426C-A4B5-FCDD5735C9DA}.Debug|iPhoneSimulator.Build.0 = Debug|Any CPU
		{C4696738-7EF1-426C-A4B5-FCDD5735C9DA}.Debug|x64.ActiveCfg = Debug|Any CPU
		{C4696738-7EF1-426C-A4B5-FCDD5735C9DA}.Debug|x64.Build.0 = Debug|Any CPU
		{C4696738-7EF1-426C-A4B5-FCDD5735C9DA}.Debug|x86.ActiveCfg = Debug|Any CPU
		{C4696738-7EF1-426C-A4B5-FCDD5735C9DA}.Debug|x86.Build.0 = Debug|Any CPU
		{C4696738-7EF1-426C-A4B5-FCDD5735C9DA}.Release|Any CPU.ActiveCfg = Release|Any CPU
		{C4696738-7EF1-426C-A4B5-FCDD5735C9DA}.Release|Any CPU.Build.0 = Release|Any CPU
		{C4696738-7EF1-426C-A4B5-FCDD5735C9DA}.Release|ARM.ActiveCfg = Release|Any CPU
		{C4696738-7EF1-426C-A4B5-FCDD5735C9DA}.Release|ARM.Build.0 = Release|Any CPU
		{C4696738-7EF1-426C-A4B5-FCDD5735C9DA}.Release|iPhone.ActiveCfg = Release|Any CPU
		{C4696738-7EF1-426C-A4B5-FCDD5735C9DA}.Release|iPhone.Build.0 = Release|Any CPU
		{C4696738-7EF1-426C-A4B5-FCDD5735C9DA}.Release|iPhoneSimulator.ActiveCfg = Release|Any CPU
		{C4696738-7EF1-426C-A4B5-FCDD5735C9DA}.Release|iPhoneSimulator.Build.0 = Release|Any CPU
		{C4696738-7EF1-426C-A4B5-FCDD5735C9DA}.Release|x64.ActiveCfg = Release|Any CPU
		{C4696738-7EF1-426C-A4B5-FCDD5735C9DA}.Release|x64.Build.0 = Release|Any CPU
		{C4696738-7EF1-426C-A4B5-FCDD5735C9DA}.Release|x86.ActiveCfg = Release|Any CPU
		{C4696738-7EF1-426C-A4B5-FCDD5735C9DA}.Release|x86.Build.0 = Release|Any CPU
	EndGlobalSection
	GlobalSection(SolutionProperties) = preSolution
		HideSolutionNode = FALSE
	EndGlobalSection
	GlobalSection(NestedProjects) = preSolution
		{22CFB5A2-C51E-42BF-9394-3C4F2415E69C} = {129A7404-6BDF-4303-82F0-29AE7ED69903}
		{47E1BEC1-4717-46F5-9E71-6F4CCB7B0EAF} = {704DE96C-C11F-455C-BB36-6EFBAC1C5F93}
		{7B0E4EFD-EEB8-4CE9-9C8D-7A4BF734E9A7} = {704DE96C-C11F-455C-BB36-6EFBAC1C5F93}
		{D0FBE2BA-799B-4071-A45D-8FB037006C9C} = {704DE96C-C11F-455C-BB36-6EFBAC1C5F93}
		{25E04E05-F867-4F64-813D-AAFE0BA171B0} = {704DE96C-C11F-455C-BB36-6EFBAC1C5F93}
		{8C408DC6-6191-405D-BE25-6C46F395A68B} = {129A7404-6BDF-4303-82F0-29AE7ED69903}
		{C4696738-7EF1-426C-A4B5-FCDD5735C9DA} = {704DE96C-C11F-455C-BB36-6EFBAC1C5F93}
	EndGlobalSection
	GlobalSection(ExtensibilityGlobals) = postSolution
		SolutionGuid = {2C58ABE7-E52E-4DF2-88A9-85846F29FA62}
	EndGlobalSection
EndGlobal
